// !$*UTF8*$!
{
	archiveVersion = 1;
	classes = {
	};
	objectVersion = 48;
	objects = {

/* Begin PBXBuildFile section */
		A937FF5F1FD275230036F4C0 /* AppDelegate.m in Sources */ = {isa = PBXBuildFile; fileRef = A937FF5E1FD275230036F4C0 /* AppDelegate.m */; };
		A937FF621FD275230036F4C0 /* ViewController.m in Sources */ = {isa = PBXBuildFile; fileRef = A937FF611FD275230036F4C0 /* ViewController.m */; };
		A937FF651FD275230036F4C0 /* Main.storyboard in Resources */ = {isa = PBXBuildFile; fileRef = A937FF631FD275230036F4C0 /* Main.storyboard */; };
		A937FF671FD275230036F4C0 /* Assets.xcassets in Resources */ = {isa = PBXBuildFile; fileRef = A937FF661FD275230036F4C0 /* Assets.xcassets */; };
		A937FF6A1FD275230036F4C0 /* LaunchScreen.storyboard in Resources */ = {isa = PBXBuildFile; fileRef = A937FF681FD275230036F4C0 /* LaunchScreen.storyboard */; };
		A937FF6D1FD275230036F4C0 /* main.m in Sources */ = {isa = PBXBuildFile; fileRef = A937FF6C1FD275230036F4C0 /* main.m */; };
		A937FF771FD275230036F4C0 /* Scrollview_____Tests.m in Sources */ = {isa = PBXBuildFile; fileRef = A937FF761FD275230036F4C0 /* Scrollview_____Tests.m */; };
		A937FF821FD275230036F4C0 /* Scrollview_____UITests.m in Sources */ = {isa = PBXBuildFile; fileRef = A937FF811FD275230036F4C0 /* Scrollview_____UITests.m */; };
/* End PBXBuildFile section */

/* Begin PBXContainerItemProxy section */
		A937FF731FD275230036F4C0 /* PBXContainerItemProxy */ = {
			isa = PBXContainerItemProxy;
			containerPortal = A937FF521FD275230036F4C0 /* Project object */;
			proxyType = 1;
			remoteGlobalIDString = A937FF591FD275230036F4C0;
			remoteInfo = "Scrollview约束的设置";
		};
		A937FF7E1FD275230036F4C0 /* PBXContainerItemProxy */ = {
			isa = PBXContainerItemProxy;
			containerPortal = A937FF521FD275230036F4C0 /* Project object */;
			proxyType = 1;
			remoteGlobalIDString = A937FF591FD275230036F4C0;
			remoteInfo = "Scrollview约束的设置";
		};
/* End PBXContainerItemProxy section */

/* Begin PBXFileReference section */
		A937FF5A1FD275230036F4C0 /* Scrollview约束的设置.app */ = {isa = PBXFileReference; explicitFileType = wrapper.application; includeInIndex = 0; path = "Scrollview约束的设置.app"; sourceTree = BUILT_PRODUCTS_DIR; };
		A937FF5D1FD275230036F4C0 /* AppDelegate.h */ = {isa = PBXFileReference; lastKnownFileType = sourcecode.c.h; path = AppDelegate.h; sourceTree = "<group>"; };
		A937FF5E1FD275230036F4C0 /* AppDelegate.m */ = {isa = PBXFileReference; lastKnownFileType = sourcecode.c.objc; path = AppDelegate.m; sourceTree = "<group>"; };
		A937FF601FD275230036F4C0 /* ViewController.h */ = {isa = PBXFileReference; lastKnownFileType = sourcecode.c.h; path = ViewController.h; sourceTree = "<group>"; };
		A937FF611FD275230036F4C0 /* ViewController.m */ = {isa = PBXFileReference; lastKnownFileType = sourcecode.c.objc; path = ViewController.m; sourceTree = "<group>"; };
		A937FF641FD275230036F4C0 /* Base */ = {isa = PBXFileReference; lastKnownFileType = file.storyboard; name = Base; path = Base.lproj/Main.storyboard; sourceTree = "<group>"; };
		A937FF661FD275230036F4C0 /* Assets.xcassets */ = {isa = PBXFileReference; lastKnownFileType = folder.assetcatalog; path = Assets.xcassets; sourceTree = "<group>"; };
		A937FF691FD275230036F4C0 /* Base */ = {isa = PBXFileReference; lastKnownFileType = file.storyboard; name = Base; path = Base.lproj/LaunchScreen.storyboard; sourceTree = "<group>"; };
		A937FF6B1FD275230036F4C0 /* Info.plist */ = {isa = PBXFileReference; lastKnownFileType = text.plist.xml; path = Info.plist; sourceTree = "<group>"; };
		A937FF6C1FD275230036F4C0 /* main.m */ = {isa = PBXFileReference; lastKnownFileType = sourcecode.c.objc; path = main.m; sourceTree = "<group>"; };
		A937FF721FD275230036F4C0 /* Scrollview约束的设置Tests.xctest */ = {isa = PBXFileReference; explicitFileType = wrapper.cfbundle; includeInIndex = 0; path = "Scrollview约束的设置Tests.xctest"; sourceTree = BUILT_PRODUCTS_DIR; };
		A937FF761FD275230036F4C0 /* Scrollview_____Tests.m */ = {isa = PBXFileReference; lastKnownFileType = sourcecode.c.objc; path = "Scrollview_____Tests.m"; sourceTree = "<group>"; };
		A937FF781FD275230036F4C0 /* Info.plist */ = {isa = PBXFileReference; lastKnownFileType = text.plist.xml; path = Info.plist; sourceTree = "<group>"; };
		A937FF7D1FD275230036F4C0 /* Scrollview约束的设置UITests.xctest */ = {isa = PBXFileReference; explicitFileType = wrapper.cfbundle; includeInIndex = 0; path = "Scrollview约束的设置UITests.xctest"; sourceTree = BUILT_PRODUCTS_DIR; };
		A937FF811FD275230036F4C0 /* Scrollview_____UITests.m */ = {isa = PBXFileReference; lastKnownFileType = sourcecode.c.objc; path = "Scrollview_____UITests.m"; sourceTree = "<group>"; };
		A937FF831FD275230036F4C0 /* Info.plist */ = {isa = PBXFileReference; lastKnownFileType = text.plist.xml; path = Info.plist; sourceTree = "<group>"; };
/* End PBXFileReference section */

/* Begin PBXFrameworksBuildPhase section */
		A937FF571FD275230036F4C0 /* Frameworks */ = {
			isa = PBXFrameworksBuildPhase;
			buildActionMask = 2147483647;
			files = (
			);
			runOnlyForDeploymentPostprocessing = 0;
		};
		A937FF6F1FD275230036F4C0 /* Frameworks */ = {
			isa = PBXFrameworksBuildPhase;
			buildActionMask = 2147483647;
			files = (
			);
			runOnlyForDeploymentPostprocessing = 0;
		};
		A937FF7A1FD275230036F4C0 /* Frameworks */ = {
			isa = PBXFrameworksBuildPhase;
			buildActionMask = 2147483647;
			files = (
			);
			runOnlyForDeploymentPostprocessing = 0;
		};
/* End PBXFrameworksBuildPhase section */

/* Begin PBXGroup section */
		A937FF511FD275230036F4C0 = {
			isa = PBXGroup;
			children = (
				A937FF5C1FD275230036F4C0 /* Scrollview约束的设置 */,
				A937FF751FD275230036F4C0 /* Scrollview约束的设置Tests */,
				A937FF801FD275230036F4C0 /* Scrollview约束的设置UITests */,
				A937FF5B1FD275230036F4C0 /* Products */,
			);
			sourceTree = "<group>";
		};
		A937FF5B1FD275230036F4C0 /* Products */ = {
			isa = PBXGroup;
			children = (
				A937FF5A1FD275230036F4C0 /* Scrollview约束的设置.app */,
				A937FF721FD275230036F4C0 /* Scrollview约束的设置Tests.xctest */,
				A937FF7D1FD275230036F4C0 /* Scrollview约束的设置UITests.xctest */,
			);
			name = Products;
			sourceTree = "<group>";
		};
		A937FF5C1FD275230036F4C0 /* Scrollview约束的设置 */ = {
			isa = PBXGroup;
			children = (
				A937FF5D1FD275230036F4C0 /* AppDelegate.h */,
				A937FF5E1FD275230036F4C0 /* AppDelegate.m */,
				A937FF601FD275230036F4C0 /* ViewController.h */,
				A937FF611FD275230036F4C0 /* ViewController.m */,
				A937FF631FD275230036F4C0 /* Main.storyboard */,
				A937FF661FD275230036F4C0 /* Assets.xcassets */,
				A937FF681FD275230036F4C0 /* LaunchScreen.storyboard */,
				A937FF6B1FD275230036F4C0 /* Info.plist */,
				A937FF6C1FD275230036F4C0 /* main.m */,
			);
			path = "Scrollview约束的设置";
			sourceTree = "<group>";
		};
		A937FF751FD275230036F4C0 /* Scrollview约束的设置Tests */ = {
			isa = PBXGroup;
			children = (
				A937FF761FD275230036F4C0 /* Scrollview_____Tests.m */,
				A937FF781FD275230036F4C0 /* Info.plist */,
			);
			path = "Scrollview约束的设置Tests";
			sourceTree = "<group>";
		};
		A937FF801FD275230036F4C0 /* Scrollview约束的设置UITests */ = {
			isa = PBXGroup;
			children = (
				A937FF811FD275230036F4C0 /* Scrollview_____UITests.m */,
				A937FF831FD275230036F4C0 /* Info.plist */,
			);
			path = "Scrollview约束的设置UITests";
			sourceTree = "<group>";
		};
/* End PBXGroup section */

/* Begin PBXNativeTarget section */
		A937FF591FD275230036F4C0 /* Scrollview约束的设置 */ = {
			isa = PBXNativeTarget;
			buildConfigurationList = A937FF861FD275230036F4C0 /* Build configuration list for PBXNativeTarget "Scrollview约束的设置" */;
			buildPhases = (
				A937FF561FD275230036F4C0 /* Sources */,
				A937FF571FD275230036F4C0 /* Frameworks */,
				A937FF581FD275230036F4C0 /* Resources */,
			);
			buildRules = (
			);
			dependencies = (
			);
			name = "Scrollview约束的设置";
			productName = "Scrollview约束的设置";
			productReference = A937FF5A1FD275230036F4C0 /* Scrollview约束的设置.app */;
			productType = "com.apple.product-type.application";
		};
		A937FF711FD275230036F4C0 /* Scrollview约束的设置Tests */ = {
			isa = PBXNativeTarget;
			buildConfigurationList = A937FF891FD275230036F4C0 /* Build configuration list for PBXNativeTarget "Scrollview约束的设置Tests" */;
			buildPhases = (
				A937FF6E1FD275230036F4C0 /* Sources */,
				A937FF6F1FD275230036F4C0 /* Frameworks */,
				A937FF701FD275230036F4C0 /* Resources */,
			);
			buildRules = (
			);
			dependencies = (
				A937FF741FD275230036F4C0 /* PBXTargetDependency */,
			);
			name = "Scrollview约束的设置Tests";
			productName = "Scrollview约束的设置Tests";
			productReference = A937FF721FD275230036F4C0 /* Scrollview约束的设置Tests.xctest */;
			productType = "com.apple.product-type.bundle.unit-test";
		};
		A937FF7C1FD275230036F4C0 /* Scrollview约束的设置UITests */ = {
			isa = PBXNativeTarget;
			buildConfigurationList = A937FF8C1FD275230036F4C0 /* Build configuration list for PBXNativeTarget "Scrollview约束的设置UITests" */;
			buildPhases = (
				A937FF791FD275230036F4C0 /* Sources */,
				A937FF7A1FD275230036F4C0 /* Frameworks */,
				A937FF7B1FD275230036F4C0 /* Resources */,
			);
			buildRules = (
			);
			dependencies = (
				A937FF7F1FD275230036F4C0 /* PBXTargetDependency */,
			);
			name = "Scrollview约束的设置UITests";
			productName = "Scrollview约束的设置UITests";
			productReference = A937FF7D1FD275230036F4C0 /* Scrollview约束的设置UITests.xctest */;
			productType = "com.apple.product-type.bundle.ui-testing";
		};
/* End PBXNativeTarget section */

/* Begin PBXProject section */
		A937FF521FD275230036F4C0 /* Project object */ = {
			isa = PBXProject;
			attributes = {
				LastUpgradeCheck = 0910;
				ORGANIZATIONNAME = lixiaoqiang;
				TargetAttributes = {
					A937FF591FD275230036F4C0 = {
						CreatedOnToolsVersion = 9.1;
						ProvisioningStyle = Automatic;
					};
					A937FF711FD275230036F4C0 = {
						CreatedOnToolsVersion = 9.1;
						ProvisioningStyle = Automatic;
						TestTargetID = A937FF591FD275230036F4C0;
					};
					A937FF7C1FD275230036F4C0 = {
						CreatedOnToolsVersion = 9.1;
						ProvisioningStyle = Automatic;
						TestTargetID = A937FF591FD275230036F4C0;
					};
				};
			};
			buildConfigurationList = A937FF551FD275230036F4C0 /* Build configuration list for PBXProject "Scrollview约束的设置" */;
			compatibilityVersion = "Xcode 8.0";
			developmentRegion = en;
			hasScannedForEncodings = 0;
			knownRegions = (
				en,
				Base,
			);
			mainGroup = A937FF511FD275230036F4C0;
			productRefGroup = A937FF5B1FD275230036F4C0 /* Products */;
			projectDirPath = "";
			projectRoot = "";
			targets = (
				A937FF591FD275230036F4C0 /* Scrollview约束的设置 */,
				A937FF711FD275230036F4C0 /* Scrollview约束的设置Tests */,
				A937FF7C1FD275230036F4C0 /* Scrollview约束的设置UITests */,
			);
		};
/* End PBXProject section */

/* Begin PBXResourcesBuildPhase section */
		A937FF581FD275230036F4C0 /* Resources */ = {
			isa = PBXResourcesBuildPhase;
			buildActionMask = 2147483647;
			files = (
				A937FF6A1FD275230036F4C0 /* LaunchScreen.storyboard in Resources */,
				A937FF671FD275230036F4C0 /* Assets.xcassets in Resources */,
				A937FF651FD275230036F4C0 /* Main.storyboard in Resources */,
			);
			runOnlyForDeploymentPostprocessing = 0;
		};
		A937FF701FD275230036F4C0 /* Resources */ = {
			isa = PBXResourcesBuildPhase;
			buildActionMask = 2147483647;
			files = (
			);
			runOnlyForDeploymentPostprocessing = 0;
		};
		A937FF7B1FD275230036F4C0 /* Resources */ = {
			isa = PBXResourcesBuildPhase;
			buildActionMask = 2147483647;
			files = (
			);
			runOnlyForDeploymentPostprocessing = 0;
		};
/* End PBXResourcesBuildPhase section */

/* Begin PBXSourcesBuildPhase section */
		A937FF561FD275230036F4C0 /* Sources */ = {
			isa = PBXSourcesBuildPhase;
			buildActionMask = 2147483647;
			files = (
				A937FF621FD275230036F4C0 /* ViewController.m in Sources */,
				A937FF6D1FD275230036F4C0 /* main.m in Sources */,
				A937FF5F1FD275230036F4C0 /* AppDelegate.m in Sources */,
			);
			runOnlyForDeploymentPostprocessing = 0;
		};
		A937FF6E1FD275230036F4C0 /* Sources */ = {
			isa = PBXSourcesBuildPhase;
			buildActionMask = 2147483647;
			files = (
				A937FF771FD275230036F4C0 /* Scrollview_____Tests.m in Sources */,
			);
			runOnlyForDeploymentPostprocessing = 0;
		};
		A937FF791FD275230036F4C0 /* Sources */ = {
			isa = PBXSourcesBuildPhase;
			buildActionMask = 2147483647;
			files = (
				A937FF821FD275230036F4C0 /* Scrollview_____UITests.m in Sources */,
			);
			runOnlyForDeploymentPostprocessing = 0;
		};
/* End PBXSourcesBuildPhase section */

/* Begin PBXTargetDependency section */
		A937FF741FD275230036F4C0 /* PBXTargetDependency */ = {
			isa = PBXTargetDependency;
			target = A937FF591FD275230036F4C0 /* Scrollview约束的设置 */;
			targetProxy = A937FF731FD275230036F4C0 /* PBXContainerItemProxy */;
		};
		A937FF7F1FD275230036F4C0 /* PBXTargetDependency */ = {
			isa = PBXTargetDependency;
			target = A937FF591FD275230036F4C0 /* Scrollview约束的设置 */;
			targetProxy = A937FF7E1FD275230036F4C0 /* PBXContainerItemProxy */;
		};
/* End PBXTargetDependency section */

/* Begin PBXVariantGroup section */
		A937FF631FD275230036F4C0 /* Main.storyboard */ = {
			isa = PBXVariantGroup;
			children = (
				A937FF641FD275230036F4C0 /* Base */,
			);
			name = Main.storyboard;
			sourceTree = "<group>";
		};
		A937FF681FD275230036F4C0 /* LaunchScreen.storyboard */ = {
			isa = PBXVariantGroup;
			children = (
				A937FF691FD275230036F4C0 /* Base */,
			);
			name = LaunchScreen.storyboard;
			sourceTree = "<group>";
		};
/* End PBXVariantGroup section */

/* Begin XCBuildConfiguration section */
		A937FF841FD275230036F4C0 /* Debug */ = {
			isa = XCBuildConfiguration;
			buildSettings = {
				ALWAYS_SEARCH_USER_PATHS = NO;
				CLANG_ANALYZER_NONNULL = YES;
				CLANG_ANALYZER_NUMBER_OBJECT_CONVERSION = YES_AGGRESSIVE;
				CLANG_CXX_LANGUAGE_STANDARD = "gnu++14";
				CLANG_CXX_LIBRARY = "libc++";
				CLANG_ENABLE_MODULES = YES;
				CLANG_ENABLE_OBJC_ARC = YES;
				CLANG_WARN_BLOCK_CAPTURE_AUTORELEASING = YES;
				CLANG_WARN_BOOL_CONVERSION = YES;
				CLANG_WARN_COMMA = YES;
				CLANG_WARN_CONSTANT_CONVERSION = YES;
				CLANG_WARN_DIRECT_OBJC_ISA_USAGE = YES_ERROR;
				CLANG_WARN_DOCUMENTATION_COMMENTS = YES;
				CLANG_WARN_EMPTY_BODY = YES;
				CLANG_WARN_ENUM_CONVERSION = YES;
				CLANG_WARN_INFINITE_RECURSION = YES;
				CLANG_WARN_INT_CONVERSION = YES;
				CLANG_WARN_NON_LITERAL_NULL_CONVERSION = YES;
				CLANG_WARN_OBJC_LITERAL_CONVERSION = YES;
				CLANG_WARN_OBJC_ROOT_CLASS = YES_ERROR;
				CLANG_WARN_RANGE_LOOP_ANALYSIS = YES;
				CLANG_WARN_STRICT_PROTOTYPES = YES;
				CLANG_WARN_SUSPICIOUS_MOVE = YES;
				CLANG_WARN_UNGUARDED_AVAILABILITY = YES_AGGRESSIVE;
				CLANG_WARN_UNREACHABLE_CODE = YES;
				CLANG_WARN__DUPLICATE_METHOD_MATCH = YES;
				CODE_SIGN_IDENTITY = "iPhone Developer";
				COPY_PHASE_STRIP = NO;
				DEBUG_INFORMATION_FORMAT = dwarf;
				ENABLE_STRICT_OBJC_MSGSEND = YES;
				ENABLE_TESTABILITY = YES;
				GCC_C_LANGUAGE_STANDARD = gnu11;
				GCC_DYNAMIC_NO_PIC = NO;
				GCC_NO_COMMON_BLOCKS = YES;
				GCC_OPTIMIZATION_LEVEL = 0;
				GCC_PREPROCESSOR_DEFINITIONS = (
					"DEBUG=1",
					"$(inherited)",
				);
				GCC_WARN_64_TO_32_BIT_CONVERSION = YES;
				GCC_WARN_ABOUT_RETURN_TYPE = YES_ERROR;
				GCC_WARN_UNDECLARED_SELECTOR = YES;
				GCC_WARN_UNINITIALIZED_AUTOS = YES_AGGRESSIVE;
				GCC_WARN_UNUSED_FUNCTION = YES;
				GCC_WARN_UNUSED_VARIABLE = YES;
				IPHONEOS_DEPLOYMENT_TARGET = 11.1;
				MTL_ENABLE_DEBUG_INFO = YES;
				ONLY_ACTIVE_ARCH = YES;
				SDKROOT = iphoneos;
			};
			name = Debug;
		};
		A937FF851FD275230036F4C0 /* Release */ = {
			isa = XCBuildConfiguration;
			buildSettings = {
				ALWAYS_SEARCH_USER_PATHS = NO;
				CLANG_ANALYZER_NONNULL = YES;
				CLANG_ANALYZER_NUMBER_OBJECT_CONVERSION = YES_AGGRESSIVE;
				CLANG_CXX_LANGUAGE_STANDARD = "gnu++14";
				CLANG_CXX_LIBRARY = "libc++";
				CLANG_ENABLE_MODULES = YES;
				CLANG_ENABLE_OBJC_ARC = YES;
				CLANG_WARN_BLOCK_CAPTURE_AUTORELEASING = YES;
				CLANG_WARN_BOOL_CONVERSION = YES;
				CLANG_WARN_COMMA = YES;
				CLANG_WARN_CONSTANT_CONVERSION = YES;
				CLANG_WARN_DIRECT_OBJC_ISA_USAGE = YES_ERROR;
				CLANG_WARN_DOCUMENTATION_COMMENTS = YES;
				CLANG_WARN_EMPTY_BODY = YES;
				CLANG_WARN_ENUM_CONVERSION = YES;
				CLANG_WARN_INFINITE_RECURSION = YES;
				CLANG_WARN_INT_CONVERSION = YES;
				CLANG_WARN_NON_LITERAL_NULL_CONVERSION = YES;
				CLANG_WARN_OBJC_LITERAL_CONVERSION = YES;
				CLANG_WARN_OBJC_ROOT_CLASS = YES_ERROR;
				CLANG_WARN_RANGE_LOOP_ANALYSIS = YES;
				CLANG_WARN_STRICT_PROTOTYPES = YES;
				CLANG_WARN_SUSPICIOUS_MOVE = YES;
				CLANG_WARN_UNGUARDED_AVAILABILITY = YES_AGGRESSIVE;
				CLANG_WARN_UNREACHABLE_CODE = YES;
				CLANG_WARN__DUPLICATE_METHOD_MATCH = YES;
				CODE_SIGN_IDENTITY = "iPhone Developer";
				COPY_PHASE_STRIP = NO;
				DEBUG_INFORMATION_FORMAT = "dwarf-with-dsym";
				ENABLE_NS_ASSERTIONS = NO;
				ENABLE_STRICT_OBJC_MSGSEND = YES;
				GCC_C_LANGUAGE_STANDARD = gnu11;
				GCC_NO_COMMON_BLOCKS = YES;
				GCC_WARN_64_TO_32_BIT_CONVERSION = YES;
				GCC_WARN_ABOUT_RETURN_TYPE = YES_ERROR;
				GCC_WARN_UNDECLARED_SELECTOR = YES;
				GCC_WARN_UNINITIALIZED_AUTOS = YES_AGGRESSIVE;
				GCC_WARN_UNUSED_FUNCTION = YES;
				GCC_WARN_UNUSED_VARIABLE = YES;
				IPHONEOS_DEPLOYMENT_TARGET = 11.1;
				MTL_ENABLE_DEBUG_INFO = NO;
				SDKROOT = iphoneos;
				VALIDATE_PRODUCT = YES;
			};
			name = Release;
		};
		A937FF871FD275230036F4C0 /* Debug */ = {
			isa = XCBuildConfiguration;
			buildSettings = {
				ASSETCATALOG_COMPILER_APPICON_NAME = AppIcon;
				CODE_SIGN_STYLE = Automatic;
				INFOPLIST_FILE = "Scrollview约束的设置/Info.plist";
				LD_RUNPATH_SEARCH_PATHS = "$(inherited) @executable_path/Frameworks";
				PRODUCT_BUNDLE_IDENTIFIER = "com.yixia.Scrollview-----";
				PRODUCT_NAME = "$(TARGET_NAME)";
				TARGETED_DEVICE_FAMILY = "1,2";
			};
			name = Debug;
		};
		A937FF881FD275230036F4C0 /* Release */ = {
			isa = XCBuildConfiguration;
			buildSettings = {
				ASSETCATALOG_COMPILER_APPICON_NAME = AppIcon;
				CODE_SIGN_STYLE = Automatic;
				INFOPLIST_FILE = "Scrollview约束的设置/Info.plist";
				LD_RUNPATH_SEARCH_PATHS = "$(inherited) @executable_path/Frameworks";
				PRODUCT_BUNDLE_IDENTIFIER = "com.yixia.Scrollview-----";
				PRODUCT_NAME = "$(TARGET_NAME)";
				TARGETED_DEVICE_FAMILY = "1,2";
			};
			name = Release;
		};
		A937FF8A1FD275230036F4C0 /* Debug */ = {
			isa = XCBuildConfiguration;
			buildSettings = {
				BUNDLE_LOADER = "$(TEST_HOST)";
				CODE_SIGN_STYLE = Automatic;
				INFOPLIST_FILE = "Scrollview约束的设置Tests/Info.plist";
				LD_RUNPATH_SEARCH_PATHS = "$(inherited) @executable_path/Frameworks @loader_path/Frameworks";
				PRODUCT_BUNDLE_IDENTIFIER = "com.yixia.Scrollview-----Tests";
				PRODUCT_NAME = "$(TARGET_NAME)";
				TARGETED_DEVICE_FAMILY = "1,2";
				TEST_HOST = "$(BUILT_PRODUCTS_DIR)/Scrollview约束的设置.app/Scrollview约束的设置";
			};
			name = Debug;
		};
		A937FF8B1FD275230036F4C0 /* Release */ = {
			isa = XCBuildConfiguration;
			buildSettings = {
				BUNDLE_LOADER = "$(TEST_HOST)";
				CODE_SIGN_STYLE = Automatic;
				INFOPLIST_FILE = "Scrollview约束的设置Tests/Info.plist";
				LD_RUNPATH_SEARCH_PATHS = "$(inherited) @executable_path/Frameworks @loader_path/Frameworks";
				PRODUCT_BUNDLE_IDENTIFIER = "com.yixia.Scrollview-----Tests";
				PRODUCT_NAME = "$(TARGET_NAME)";
				TARGETED_DEVICE_FAMILY = "1,2";
				TEST_HOST = "$(BUILT_PRODUCTS_DIR)/Scrollview约束的设置.app/Scrollview约束的设置";
			};
			name = Release;
		};
		A937FF8D1FD275230036F4C0 /* Debug */ = {
			isa = XCBuildConfiguration;
			buildSettings = {
				CODE_SIGN_STYLE = Automatic;
				INFOPLIST_FILE = "Scrollview约束的设置UITests/Info.plist";
				LD_RUNPATH_SEARCH_PATHS = "$(inherited) @executable_path/Frameworks @loader_path/Frameworks";
				PRODUCT_BUNDLE_IDENTIFIER = "com.yixia.Scrollview-----UITests";
				PRODUCT_NAME = "$(TARGET_NAME)";
				TARGETED_DEVICE_FAMILY = "1,2";
				TEST_TARGET_NAME = "Scrollview约束的设置";
			};
			name = Debug;
		};
		A937FF8E1FD275230036F4C0 /* Release */ = {
			isa = XCBuildConfiguration;
			buildSettings = {
				CODE_SIGN_STYLE = Automatic;
				INFOPLIST_FILE = "Scrollview约束的设置UITests/Info.plist";
				LD_RUNPATH_SEARCH_PATHS = "$(inherited) @executable_path/Frameworks @loader_path/Frameworks";
				PRODUCT_BUNDLE_IDENTIFIER = "com.yixia.Scrollview-----UITests";
				PRODUCT_NAME = "$(TARGET_NAME)";
				TARGETED_DEVICE_FAMILY = "1,2";
				TEST_TARGET_NAME = "Scrollview约束的设置";
			};
			name = Release;
		};
/* End XCBuildConfiguration section */

/* Begin XCConfigurationList section */
		A937FF551FD275230036F4C0 /* Build configuration list for PBXProject "Scrollview约束的设置" */ = {
			isa = XCConfigurationList;
			buildConfigurations = (
				A937FF841FD275230036F4C0 /* Debug */,
				A937FF851FD275230036F4C0 /* Release */,
			);
			defaultConfigurationIsVisible = 0;
			defaultConfigurationName = Release;
		};
		A937FF861FD275230036F4C0 /* Build configuration list for PBXNativeTarget "Scrollview约束的设置" */ = {
			isa = XCConfigurationList;
			buildConfigurations = (
				A937FF871FD275230036F4C0 /* Debug */,
				A937FF881FD275230036F4C0 /* Release */,
			);
			defaultConfigurationIsVisible = 0;
			defaultConfigurationName = Release;
		};
		A937FF891FD275230036F4C0 /* Build configuration list for PBXNativeTarget "Scrollview约束的设置Tests" */ = {
			isa = XCConfigurationList;
			buildConfigurations = (
				A937FF8A1FD275230036F4C0 /* Debug */,
				A937FF8B1FD275230036F4C0 /* Release */,
			);
			defaultConfigurationIsVisible = 0;
			defaultConfigurationName = Release;
		};
		A937FF8C1FD275230036F4C0 /* Build configuration list for PBXNativeTarget "Scrollview约束的设置UITests" */ = {
			isa = XCConfigurationList;
			buildConfigurations = (
				A937FF8D1FD275230036F4C0 /* Debug */,
				A937FF8E1FD275230036F4C0 /* Release */,
			);
			defaultConfigurationIsVisible = 0;
			defaultConfigurationName = Release;
		};
/* End XCConfigurationList section */
	};
	rootObject = A937FF521FD275230036F4C0 /* Project object */;
}
